
Microsoft Visual Studio Solution File, Format Version 12.00
# Visual Studio 2017
Project("{FAE04EC0-301F-11D3-BF4B-00C04F79EFBC}") = "EuropeCardGame", "EuropeCardGame.csproj", "{65EDF1AD-DC07-BAB7-17C7-A3E21FC20249}"
EndProject
Global
	GlobalSection(SolutionConfigurationPlatforms) = preSolution
		Debug|Any CPU = Debug|Any CPU
		Release|Any CPU = Release|Any CPU
	EndGlobalSection
	GlobalSection(ProjectConfigurationPlatforms) = postSolution
		{65EDF1AD-DC07-BAB7-17C7-A3E21FC20249}.Debug|Any CPU.ActiveCfg = Debug|Any CPU
		{65EDF1AD-DC07-BAB7-17C7-A3E21FC20249}.Debug|Any CPU.Build.0 = Debug|Any CPU
		{65EDF1AD-DC07-BAB7-17C7-A3E21FC20249}.Release|Any CPU.ActiveCfg = Release|Any CPU
		{65EDF1AD-DC07-BAB7-17C7-A3E21FC20249}.Release|Any CPU.Build.0 = Release|Any CPU
	EndGlobalSection
	GlobalSection(SolutionProperties) = preSolution
		HideSolutionNode = FALSE
	EndGlobalSection
EndGlobal
